// !$*UTF8*$!
{
	archiveVersion = 1;
	classes = {
	};
	objectVersion = 46;
	objects = {

/* Begin PBXBuildFile section */
		D3D87E5A1A385EC2008B9BC9 /* WebViewController.swift in Sources */ = {isa = PBXBuildFile; fileRef = D3D87E591A385EC2008B9BC9 /* WebViewController.swift */; };
		D3E856A71A38549E001B8FBF /* AppDelegate.swift in Sources */ = {isa = PBXBuildFile; fileRef = D3E856A61A38549E001B8FBF /* AppDelegate.swift */; };
		D3E856A91A38549E001B8FBF /* ViewController.swift in Sources */ = {isa = PBXBuildFile; fileRef = D3E856A81A38549E001B8FBF /* ViewController.swift */; };
		D3E856AC1A38549E001B8FBF /* Main.storyboard in Resources */ = {isa = PBXBuildFile; fileRef = D3E856AA1A38549E001B8FBF /* Main.storyboard */; };
		D3E856AE1A38549E001B8FBF /* Images.xcassets in Resources */ = {isa = PBXBuildFile; fileRef = D3E856AD1A38549E001B8FBF /* Images.xcassets */; };
		D3E856B11A38549E001B8FBF /* LaunchScreen.xib in Resources */ = {isa = PBXBuildFile; fileRef = D3E856AF1A38549E001B8FBF /* LaunchScreen.xib */; };
		D3E856BD1A38549E001B8FBF /* ReconcileTests.swift in Sources */ = {isa = PBXBuildFile; fileRef = D3E856BC1A38549E001B8FBF /* ReconcileTests.swift */; };
/* End PBXBuildFile section */

/* Begin PBXContainerItemProxy section */
		D3E856B71A38549E001B8FBF /* PBXContainerItemProxy */ = {
			isa = PBXContainerItemProxy;
			containerPortal = D3E856991A38549E001B8FBF /* Project object */;
			proxyType = 1;
			remoteGlobalIDString = D3E856A01A38549E001B8FBF;
			remoteInfo = Reconcile;
		};
/* End PBXContainerItemProxy section */

/* Begin PBXFileReference section */
		D3D87E591A385EC2008B9BC9 /* WebViewController.swift */ = {isa = PBXFileReference; fileEncoding = 4; lastKnownFileType = sourcecode.swift; name = WebViewController.swift; path = ../WebViewController.swift; sourceTree = "<group>"; };
		D3E856A11A38549E001B8FBF /* Reconcile.app */ = {isa = PBXFileReference; explicitFileType = wrapper.application; includeInIndex = 0; path = Reconcile.app; sourceTree = BUILT_PRODUCTS_DIR; };
		D3E856A51A38549E001B8FBF /* Info.plist */ = {isa = PBXFileReference; lastKnownFileType = text.plist.xml; path = Info.plist; sourceTree = "<group>"; };
		D3E856A61A38549E001B8FBF /* AppDelegate.swift */ = {isa = PBXFileReference; lastKnownFileType = sourcecode.swift; path = AppDelegate.swift; sourceTree = "<group>"; };
		D3E856A81A38549E001B8FBF /* ViewController.swift */ = {isa = PBXFileReference; lastKnownFileType = sourcecode.swift; path = ViewController.swift; sourceTree = "<group>"; };
		D3E856AB1A38549E001B8FBF /* Base */ = {isa = PBXFileReference; lastKnownFileType = file.storyboard; name = Base; path = Base.lproj/Main.storyboard; sourceTree = "<group>"; };
		D3E856AD1A38549E001B8FBF /* Images.xcassets */ = {isa = PBXFileReference; lastKnownFileType = folder.assetcatalog; path = Images.xcassets; sourceTree = "<group>"; };
		D3E856B01A38549E001B8FBF /* Base */ = {isa = PBXFileReference; lastKnownFileType = file.xib; name = Base; path = Base.lproj/LaunchScreen.xib; sourceTree = "<group>"; };
		D3E856B61A38549E001B8FBF /* ReconcileTests.xctest */ = {isa = PBXFileReference; explicitFileType = wrapper.cfbundle; includeInIndex = 0; path = ReconcileTests.xctest; sourceTree = BUILT_PRODUCTS_DIR; };
		D3E856BB1A38549E001B8FBF /* Info.plist */ = {isa = PBXFileReference; lastKnownFileType = text.plist.xml; path = Info.plist; sourceTree = "<group>"; };
		D3E856BC1A38549E001B8FBF /* ReconcileTests.swift */ = {isa = PBXFileReference; lastKnownFileType = sourcecode.swift; path = ReconcileTests.swift; sourceTree = "<group>"; };
/* End PBXFileReference section */

/* Begin PBXFrameworksBuildPhase section */
		D3E8569E1A38549E001B8FBF /* Frameworks */ = {
			isa = PBXFrameworksBuildPhase;
			buildActionMask = 2147483647;
			files = (
			);
			runOnlyForDeploymentPostprocessing = 0;
		};
		D3E856B31A38549E001B8FBF /* Frameworks */ = {
			isa = PBXFrameworksBuildPhase;
			buildActionMask = 2147483647;
			files = (
			);
			runOnlyForDeploymentPostprocessing = 0;
		};
/* End PBXFrameworksBuildPhase section */

/* Begin PBXGroup section */
		D3E856981A38549E001B8FBF = {
			isa = PBXGroup;
			children = (
				D3E856A31A38549E001B8FBF /* Reconcile */,
				D3E856B91A38549E001B8FBF /* ReconcileTests */,
				D3E856A21A38549E001B8FBF /* Products */,
			);
			sourceTree = "<group>";
		};
		D3E856A21A38549E001B8FBF /* Products */ = {
			isa = PBXGroup;
			children = (
				D3E856A11A38549E001B8FBF /* Reconcile.app */,
				D3E856B61A38549E001B8FBF /* ReconcileTests.xctest */,
			);
			name = Products;
			sourceTree = "<group>";
		};
		D3E856A31A38549E001B8FBF /* Reconcile */ = {
			isa = PBXGroup;
			children = (
				D3E856A61A38549E001B8FBF /* AppDelegate.swift */,
				D3E856A81A38549E001B8FBF /* ViewController.swift */,
				D3D87E591A385EC2008B9BC9 /* WebViewController.swift */,
				D3E856AA1A38549E001B8FBF /* Main.storyboard */,
				D3E856AD1A38549E001B8FBF /* Images.xcassets */,
				E1C1753E1A38A93300D943E4 /* img */,
				D3E856AF1A38549E001B8FBF /* LaunchScreen.xib */,
				D3E856A41A38549E001B8FBF /* Supporting Files */,
			);
			path = Reconcile;
			sourceTree = "<group>";
		};
		D3E856A41A38549E001B8FBF /* Supporting Files */ = {
			isa = PBXGroup;
			children = (
				D3E856A51A38549E001B8FBF /* Info.plist */,
			);
			name = "Supporting Files";
			sourceTree = "<group>";
		};
		D3E856B91A38549E001B8FBF /* ReconcileTests */ = {
			isa = PBXGroup;
			children = (
				D3E856BC1A38549E001B8FBF /* ReconcileTests.swift */,
				D3E856BA1A38549E001B8FBF /* Supporting Files */,
			);
			path = ReconcileTests;
			sourceTree = "<group>";
		};
		D3E856BA1A38549E001B8FBF /* Supporting Files */ = {
			isa = PBXGroup;
			children = (
				D3E856BB1A38549E001B8FBF /* Info.plist */,
			);
			name = "Supporting Files";
			sourceTree = "<group>";
		};
		E1C1753E1A38A93300D943E4 /* img */ = {
			isa = PBXGroup;
			children = (
			);
			name = img;
			sourceTree = "<group>";
		};
/* End PBXGroup section */

/* Begin PBXNativeTarget section */
		D3E856A01A38549E001B8FBF /* Reconcile */ = {
			isa = PBXNativeTarget;
			buildConfigurationList = D3E856C01A38549E001B8FBF /* Build configuration list for PBXNativeTarget "Reconcile" */;
			buildPhases = (
				D3E8569D1A38549E001B8FBF /* Sources */,
				D3E8569E1A38549E001B8FBF /* Frameworks */,
				D3E8569F1A38549E001B8FBF /* Resources */,
			);
			buildRules = (
			);
			dependencies = (
			);
			name = Reconcile;
			productName = Reconcile;
			productReference = D3E856A11A38549E001B8FBF /* Reconcile.app */;
			productType = "com.apple.product-type.application";
		};
		D3E856B51A38549E001B8FBF /* ReconcileTests */ = {
			isa = PBXNativeTarget;
			buildConfigurationList = D3E856C31A38549E001B8FBF /* Build configuration list for PBXNativeTarget "ReconcileTests" */;
			buildPhases = (
				D3E856B21A38549E001B8FBF /* Sources */,
				D3E856B31A38549E001B8FBF /* Frameworks */,
				D3E856B41A38549E001B8FBF /* Resources */,
			);
			buildRules = (
			);
			dependencies = (
				D3E856B81A38549E001B8FBF /* PBXTargetDependency */,
			);
			name = ReconcileTests;
			productName = ReconcileTests;
			productReference = D3E856B61A38549E001B8FBF /* ReconcileTests.xctest */;
			productType = "com.apple.product-type.bundle.unit-test";
		};
/* End PBXNativeTarget section */

/* Begin PBXProject section */
		D3E856991A38549E001B8FBF /* Project object */ = {
			isa = PBXProject;
			attributes = {
				LastUpgradeCheck = 0610;
				ORGANIZATIONNAME = JS;
				TargetAttributes = {
					D3E856A01A38549E001B8FBF = {
						CreatedOnToolsVersion = 6.1.1;
						DevelopmentTeam = T2WCY6H62T;
					};
					D3E856B51A38549E001B8FBF = {
						CreatedOnToolsVersion = 6.1.1;
						TestTargetID = D3E856A01A38549E001B8FBF;
					};
				};
			};
			buildConfigurationList = D3E8569C1A38549E001B8FBF /* Build configuration list for PBXProject "Reconcile" */;
			compatibilityVersion = "Xcode 3.2";
			developmentRegion = English;
			hasScannedForEncodings = 0;
			knownRegions = (
				en,
				Base,
			);
			mainGroup = D3E856981A38549E001B8FBF;
			productRefGroup = D3E856A21A38549E001B8FBF /* Products */;
			projectDirPath = "";
			projectRoot = "";
			targets = (
				D3E856A01A38549E001B8FBF /* Reconcile */,
				D3E856B51A38549E001B8FBF /* ReconcileTests */,
			);
		};
/* End PBXProject section */

/* Begin PBXResourcesBuildPhase section */
		D3E8569F1A38549E001B8FBF /* Resources */ = {
			isa = PBXResourcesBuildPhase;
			buildActionMask = 2147483647;
			files = (
				D3E856AC1A38549E001B8FBF /* Main.storyboard in Resources */,
				D3E856B11A38549E001B8FBF /* LaunchScreen.xib in Resources */,
				D3E856AE1A38549E001B8FBF /* Images.xcassets in Resources */,
			);
			runOnlyForDeploymentPostprocessing = 0;
		};
		D3E856B41A38549E001B8FBF /* Resources */ = {
			isa = PBXResourcesBuildPhase;
			buildActionMask = 2147483647;
			files = (
			);
			runOnlyForDeploymentPostprocessing = 0;
		};
/* End PBXResourcesBuildPhase section */

/* Begin PBXSourcesBuildPhase section */
		D3E8569D1A38549E001B8FBF /* Sources */ = {
			isa = PBXSourcesBuildPhase;
			buildActionMask = 2147483647;
			files = (
				D3E856A91A38549E001B8FBF /* ViewController.swift in Sources */,
				D3D87E5A1A385EC2008B9BC9 /* WebViewController.swift in Sources */,
				D3E856A71A38549E001B8FBF /* AppDelegate.swift in Sources */,
			);
			runOnlyForDeploymentPostprocessing = 0;
		};
		D3E856B21A38549E001B8FBF /* Sources */ = {
			isa = PBXSourcesBuildPhase;
			buildActionMask = 2147483647;
			files = (
				D3E856BD1A38549E001B8FBF /* ReconcileTests.swift in Sources */,
			);
			runOnlyForDeploymentPostprocessing = 0;
		};
/* End PBXSourcesBuildPhase section */

/* Begin PBXTargetDependency section */
		D3E856B81A38549E001B8FBF /* PBXTargetDependency */ = {
			isa = PBXTargetDependency;
			target = D3E856A01A38549E001B8FBF /* Reconcile */;
			targetProxy = D3E856B71A38549E001B8FBF /* PBXContainerItemProxy */;
		};
/* End PBXTargetDependency section */

/* Begin PBXVariantGroup section */
		D3E856AA1A38549E001B8FBF /* Main.storyboard */ = {
			isa = PBXVariantGroup;
			children = (
				D3E856AB1A38549E001B8FBF /* Base */,
			);
			name = Main.storyboard;
			sourceTree = "<group>";
		};
		D3E856AF1A38549E001B8FBF /* LaunchScreen.xib */ = {
			isa = PBXVariantGroup;
			children = (
				D3E856B01A38549E001B8FBF /* Base */,
			);
			name = LaunchScreen.xib;
			sourceTree = "<group>";
		};
/* End PBXVariantGroup section */

/* Begin XCBuildConfiguration section */
		D3E856BE1A38549E001B8FBF /* Debug */ = {
			isa = XCBuildConfiguration;
			buildSettings = {
				ALWAYS_SEARCH_USER_PATHS = NO;
				CLANG_CXX_LANGUAGE_STANDARD = "gnu++0x";
				CLANG_CXX_LIBRARY = "libc++";
				CLANG_ENABLE_MODULES = YES;
				CLANG_ENABLE_OBJC_ARC = YES;
				CLANG_WARN_BOOL_CONVERSION = YES;
				CLANG_WARN_CONSTANT_CONVERSION = YES;
				CLANG_WARN_DIRECT_OBJC_ISA_USAGE = YES_ERROR;
				CLANG_WARN_EMPTY_BODY = YES;
				CLANG_WARN_ENUM_CONVERSION = YES;
				CLANG_WARN_INT_CONVERSION = YES;
				CLANG_WARN_OBJC_ROOT_CLASS = YES_ERROR;
				CLANG_WARN_UNREACHABLE_CODE = YES;
				CLANG_WARN__DUPLICATE_METHOD_MATCH = YES;
				"CODE_SIGN_IDENTITY[sdk=iphoneos*]" = "iPhone Developer";
				COPY_PHASE_STRIP = NO;
				ENABLE_STRICT_OBJC_MSGSEND = YES;
				GCC_C_LANGUAGE_STANDARD = gnu99;
				GCC_DYNAMIC_NO_PIC = NO;
				GCC_OPTIMIZATION_LEVEL = 0;
				GCC_PREPROCESSOR_DEFINITIONS = (
					"DEBUG=1",
					"$(inherited)",
				);
				GCC_SYMBOLS_PRIVATE_EXTERN = NO;
				GCC_WARN_64_TO_32_BIT_CONVERSION = YES;
				GCC_WARN_ABOUT_RETURN_TYPE = YES_ERROR;
				GCC_WARN_UNDECLARED_SELECTOR = YES;
				GCC_WARN_UNINITIALIZED_AUTOS = YES_AGGRESSIVE;
				GCC_WARN_UNUSED_FUNCTION = YES;
				GCC_WARN_UNUSED_VARIABLE = YES;
				IPHONEOS_DEPLOYMENT_TARGET = 8.1;
				MTL_ENABLE_DEBUG_INFO = YES;
				ONLY_ACTIVE_ARCH = YES;
				SDKROOT = iphoneos;
				SWIFT_OPTIMIZATION_LEVEL = "-Onone";
				TARGETED_DEVICE_FAMILY = "1,2";
			};
			name = Debug;
		};
		D3E856BF1A38549E001B8FBF /* Release */ = {
			isa = XCBuildConfiguration;
			buildSettings = {
				ALWAYS_SEARCH_USER_PATHS = NO;
				CLANG_CXX_LANGUAGE_STANDARD = "gnu++0x";
				CLANG_CXX_LIBRARY = "libc++";
				CLANG_ENABLE_MODULES = YES;
				CLANG_ENABLE_OBJC_ARC = YES;
				CLANG_WARN_BOOL_CONVERSION = YES;
				CLANG_WARN_CONSTANT_CONVERSION = YES;
				CLANG_WARN_DIRECT_OBJC_ISA_USAGE = YES_ERROR;
				CLANG_WARN_EMPTY_BODY = YES;
				CLANG_WARN_ENUM_CONVERSION = YES;
				CLANG_WARN_INT_CONVERSION = YES;
				CLANG_WARN_OBJC_ROOT_CLASS = YES_ERROR;
				CLANG_WARN_UNREACHABLE_CODE = YES;
				CLANG_WARN__DUPLICATE_METHOD_MATCH = YES;
				"CODE_SIGN_IDENTITY[sdk=iphoneos*]" = "iPhone Developer";
				COPY_PHASE_STRIP = YES;
				ENABLE_NS_ASSERTIONS = NO;
				ENABLE_STRICT_OBJC_MSGSEND = YES;
				GCC_C_LANGUAGE_STANDARD = gnu99;
				GCC_WARN_64_TO_32_BIT_CONVERSION = YES;
				GCC_WARN_ABOUT_RETURN_TYPE = YES_ERROR;
				GCC_WARN_UNDECLARED_SELECTOR = YES;
				GCC_WARN_UNINITIALIZED_AUTOS = YES_AGGRESSIVE;
				GCC_WARN_UNUSED_FUNCTION = YES;
				GCC_WARN_UNUSED_VARIABLE = YES;
				IPHONEOS_DEPLOYMENT_TARGET = 8.1;
				MTL_ENABLE_DEBUG_INFO = NO;
				SDKROOT = iphoneos;
				TARGETED_DEVICE_FAMILY = "1,2";
				VALIDATE_PRODUCT = YES;
			};
			name = Release;
		};
		D3E856C11A38549E001B8FBF /* Debug */ = {
			isa = XCBuildConfiguration;
			buildSettings = {
				ASSETCATALOG_COMPILER_APPICON_NAME = AppIcon;
				CODE_SIGN_IDENTITY = "iPhone Developer: Jakkrit Suttanuruk (3BFNN7W7Z6)";
				"CODE_SIGN_IDENTITY[sdk=iphoneos*]" = "iPhone Developer: Jakkrit Suttanuruk (3BFNN7W7Z6)";
				INFOPLIST_FILE = Reconcile/Info.plist;
				IPHONEOS_DEPLOYMENT_TARGET = 8.0;
				LD_RUNPATH_SEARCH_PATHS = "$(inherited) @executable_path/Frameworks";
				PRODUCT_NAME = "$(TARGET_NAME)";
				PROVISIONING_PROFILE = "3745e2bd-d47e-48c1-9fad-263cd6cea45c";
			};
			name = Debug;
		};
		D3E856C21A38549E001B8FBF /* Release */ = {
			isa = XCBuildConfiguration;
			buildSettings = {
				ASSETCATALOG_COMPILER_APPICON_NAME = AppIcon;
				CODE_SIGN_IDENTITY = "iPhone Distribution: APP ILLUSTRATOR COMPANY LIMITED";
				"CODE_SIGN_IDENTITY[sdk=iphoneos*]" = "iPhone Distribution: APP ILLUSTRATOR COMPANY LIMITED";
				INFOPLIST_FILE = Reconcile/Info.plist;
				IPHONEOS_DEPLOYMENT_TARGET = 8.0;
				LD_RUNPATH_SEARCH_PATHS = "$(inherited) @executable_path/Frameworks";
				PRODUCT_NAME = "$(TARGET_NAME)";
				PROVISIONING_PROFILE = "3745e2bd-d47e-48c1-9fad-263cd6cea45c";
			};
			name = Release;
		};
		D3E856C41A38549E001B8FBF /* Debug */ = {
			isa = XCBuildConfiguration;
			buildSettings = {
				BUNDLE_LOADER = "$(TEST_HOST)";
				FRAMEWORK_SEARCH_PATHS = (
					"$(SDKROOT)/Developer/Library/Frameworks",
					"$(inherited)",
				);
				GCC_PREPROCESSOR_DEFINITIONS = (
					"DEBUG=1",
					"$(inherited)",
				);
				INFOPLIST_FILE = ReconcileTests/Info.plist;
				LD_RUNPATH_SEARCH_PATHS = "$(inherited) @executable_path/Frameworks @loader_path/Frameworks";
				PRODUCT_NAME = "$(TARGET_NAME)";
				TEST_HOST = "$(BUILT_PRODUCTS_DIR)/Reconcile.app/Reconcile";
			};
			name = Debug;
		};
		D3E856C51A38549E001B8FBF /* Release */ = {
			isa = XCBuildConfiguration;
			buildSettings = {
				BUNDLE_LOADER = "$(TEST_HOST)";
				FRAMEWORK_SEARCH_PATHS = (
					"$(SDKROOT)/Developer/Library/Frameworks",
					"$(inherited)",
				);
				INFOPLIST_FILE = ReconcileTests/Info.plist;
				LD_RUNPATH_SEARCH_PATHS = "$(inherited) @executable_path/Frameworks @loader_path/Frameworks";
				PRODUCT_NAME = "$(TARGET_NAME)";
				TEST_HOST = "$(BUILT_PRODUCTS_DIR)/Reconcile.app/Reconcile";
			};
			name = Release;
		};
/* End XCBuildConfiguration section */

/* Begin XCConfigurationList section */
		D3E8569C1A38549E001B8FBF /* Build configuration list for PBXProject "Reconcile" */ = {
			isa = XCConfigurationList;
			buildConfigurations = (
				D3E856BE1A38549E001B8FBF /* Debug */,
				D3E856BF1A38549E001B8FBF /* Release */,
			);
			defaultConfigurationIsVisible = 0;
			defaultConfigurationName = Release;
		};
		D3E856C01A38549E001B8FBF /* Build configuration list for PBXNativeTarget "Reconcile" */ = {
			isa = XCConfigurationList;
			buildConfigurations = (
				D3E856C11A38549E001B8FBF /* Debug */,
				D3E856C21A38549E001B8FBF /* Release */,
			);
			defaultConfigurationIsVisible = 0;
			defaultConfigurationName = Release;
		};
		D3E856C31A38549E001B8FBF /* Build configuration list for PBXNativeTarget "ReconcileTests" */ = {
			isa = XCConfigurationList;
			buildConfigurations = (
				D3E856C41A38549E001B8FBF /* Debug */,
				D3E856C51A38549E001B8FBF /* Release */,
			);
			defaultConfigurationIsVisible = 0;
			defaultConfigurationName = Release;
		};
/* End XCConfigurationList section */
	};
	rootObject = D3E856991A38549E001B8FBF /* Project object */;
}
